
Microsoft Visual Studio Solution File, Format Version 12.00
# Visual Studio Version 17
VisualStudioVersion = 17.0.31912.275
MinimumVisualStudioVersion = 10.0.40219.1
Project("{9A19103F-16F7-4668-BE54-9A1E7A4F7556}") = "Groot.API", "Groot.API\Groot.API.csproj", "{F420C773-58B2-4BE1-88CE-5B8804C6F899}"
EndProject
Project("{9A19103F-16F7-4668-BE54-9A1E7A4F7556}") = "Groot.DB", "Groot.DB\Groot.DB.csproj", "{34E192E4-2DA8-4D04-B33D-481B54836939}"
EndProject
Project("{9A19103F-16F7-4668-BE54-9A1E7A4F7556}") = "Groot.Model", "Groot.Model\Groot.Model.csproj", "{A31E1987-079A-49A6-B3A7-984A0E31B78B}"
EndProject
Project("{9A19103F-16F7-4668-BE54-9A1E7A4F7556}") = "Groot.Service", "Groot.Service\Groot.Service.csproj", "{C34BEE22-3C15-4DC1-A57C-2EA51173F680}"
EndProject
Project("{FAE04EC0-301F-11D3-BF4B-00C04F79EFBC}") = "Groot.Extension", "Extension\Groot.Extension.csproj", "{1C058999-6A7C-49C0-BB15-43C81668E395}"
EndProject
Global
	GlobalSection(SolutionConfigurationPlatforms) = preSolution
		Debug|Any CPU = Debug|Any CPU
		Release|Any CPU = Release|Any CPU
	EndGlobalSection
	GlobalSection(ProjectConfigurationPlatforms) = postSolution
		{F420C773-58B2-4BE1-88CE-5B8804C6F899}.Debug|Any CPU.ActiveCfg = Debug|Any CPU
		{F420C773-58B2-4BE1-88CE-5B8804C6F899}.Debug|Any CPU.Build.0 = Debug|Any CPU
		{F420C773-58B2-4BE1-88CE-5B8804C6F899}.Release|Any CPU.ActiveCfg = Release|Any CPU
		{F420C773-58B2-4BE1-88CE-5B8804C6F899}.Release|Any CPU.Build.0 = Release|Any CPU
		{34E192E4-2DA8-4D04-B33D-481B54836939}.Debug|Any CPU.ActiveCfg = Debug|Any CPU
		{34E192E4-2DA8-4D04-B33D-481B54836939}.Debug|Any CPU.Build.0 = Debug|Any CPU
		{34E192E4-2DA8-4D04-B33D-481B54836939}.Release|Any CPU.ActiveCfg = Release|Any CPU
		{34E192E4-2DA8-4D04-B33D-481B54836939}.Release|Any CPU.Build.0 = Release|Any CPU
		{A31E1987-079A-49A6-B3A7-984A0E31B78B}.Debug|Any CPU.ActiveCfg = Debug|Any CPU
		{A31E1987-079A-49A6-B3A7-984A0E31B78B}.Debug|Any CPU.Build.0 = Debug|Any CPU
		{A31E1987-079A-49A6-B3A7-984A0E31B78B}.Release|Any CPU.ActiveCfg = Release|Any CPU
		{A31E1987-079A-49A6-B3A7-984A0E31B78B}.Release|Any CPU.Build.0 = Release|Any CPU
		{C34BEE22-3C15-4DC1-A57C-2EA51173F680}.Debug|Any CPU.ActiveCfg = Debug|Any CPU
		{C34BEE22-3C15-4DC1-A57C-2EA51173F680}.Debug|Any CPU.Build.0 = Debug|Any CPU
		{C34BEE22-3C15-4DC1-A57C-2EA51173F680}.Release|Any CPU.ActiveCfg = Release|Any CPU
		{C34BEE22-3C15-4DC1-A57C-2EA51173F680}.Release|Any CPU.Build.0 = Release|Any CPU
		{1C058999-6A7C-49C0-BB15-43C81668E395}.Debug|Any CPU.ActiveCfg = Debug|Any CPU
		{1C058999-6A7C-49C0-BB15-43C81668E395}.Debug|Any CPU.Build.0 = Debug|Any CPU
		{1C058999-6A7C-49C0-BB15-43C81668E395}.Release|Any CPU.ActiveCfg = Release|Any CPU
		{1C058999-6A7C-49C0-BB15-43C81668E395}.Release|Any CPU.Build.0 = Release|Any CPU
	EndGlobalSection
	GlobalSection(SolutionProperties) = preSolution
		HideSolutionNode = FALSE
	EndGlobalSection
	GlobalSection(ExtensibilityGlobals) = postSolution
		SolutionGuid = {EBC11791-386F-459F-AE75-9AABDB9BF26C}
	EndGlobalSection
EndGlobal
